
Microsoft Visual Studio Solution File, Format Version 12.00
# Visual Studio 15
VisualStudioVersion = 15.0.26730.16
MinimumVisualStudioVersion = 10.0.40219.1
Project("{FAE04EC0-301F-11D3-BF4B-00C04F79EFBC}") = "OrX", "OrX.csproj", "{7EF4C6CD-2E8C-4177-B882-D187D355D321}"
EndProject
Project("{FAE04EC0-301F-11D3-BF4B-00C04F79EFBC}") = "OrXBDAc", "..\OrXBDAc_Plugin\OrXBDAc.csproj", "{C2A4F00D-6B85-48B5-9407-8174F21AECC9}"
EndProject
Global
	GlobalSection(SolutionConfigurationPlatforms) = preSolution
		Debug|Any CPU = Debug|Any CPU
		Release|Any CPU = Release|Any CPU
	EndGlobalSection
	GlobalSection(ProjectConfigurationPlatforms) = postSolution
		{7EF4C6CD-2E8C-4177-B882-D187D355D321}.Debug|Any CPU.ActiveCfg = Debug|Any CPU
		{7EF4C6CD-2E8C-4177-B882-D187D355D321}.Debug|Any CPU.Build.0 = Debug|Any CPU
		{7EF4C6CD-2E8C-4177-B882-D187D355D321}.Release|Any CPU.ActiveCfg = Release|Any CPU
		{7EF4C6CD-2E8C-4177-B882-D187D355D321}.Release|Any CPU.Build.0 = Release|Any CPU
		{C2A4F00D-6B85-48B5-9407-8174F21AECC9}.Debug|Any CPU.ActiveCfg = Debug|Any CPU
		{C2A4F00D-6B85-48B5-9407-8174F21AECC9}.Debug|Any CPU.Build.0 = Debug|Any CPU
		{C2A4F00D-6B85-48B5-9407-8174F21AECC9}.Release|Any CPU.ActiveCfg = Release|Any CPU
		{C2A4F00D-6B85-48B5-9407-8174F21AECC9}.Release|Any CPU.Build.0 = Release|Any CPU
	EndGlobalSection
	GlobalSection(SolutionProperties) = preSolution
		HideSolutionNode = FALSE
	EndGlobalSection
	GlobalSection(ExtensibilityGlobals) = postSolution
		SolutionGuid = {569042F8-30F7-4561-8309-5967F6CA0658}
	EndGlobalSection
EndGlobal
